
Microsoft Visual Studio Solution File, Format Version 12.00
# Visual Studio 2013
VisualStudioVersion = 12.0.31101.0
MinimumVisualStudioVersion = 10.0.40219.1
Project("{2150E333-8FDC-42A3-9474-1A3956D46DE8}") = ".nuget", ".nuget", "{F92D32FB-8984-4925-B2A7-DF14ABC2889F}"
	ProjectSection(SolutionItems) = preProject
		.nuget\packages.config = .nuget\packages.config
	EndProjectSection
EndProject
Project("{FAE04EC0-301F-11D3-BF4B-00C04F79EFBC}") = "Spreadbot.Core.Mip", "Projects\Spreadbot.Core.Mip\Spreadbot.Core.Mip.csproj", "{B2E6C77D-B62E-47A2-B79A-BC4CA5635A36}"
EndProject
Project("{2150E333-8FDC-42A3-9474-1A3956D46DE8}") = "Apps", "Apps", "{1C1D29A3-85F4-4207-BD2C-3943DC1D9568}"
EndProject
Project("{2150E333-8FDC-42A3-9474-1A3956D46DE8}") = "Core", "Core", "{A37183A3-DF5D-4EE7-8CCB-24D3A619A969}"
EndProject
Project("{2150E333-8FDC-42A3-9474-1A3956D46DE8}") = "Tests", "Tests", "{EF6CE066-22CC-44BB-8768-FF001637E704}"
EndProject
Project("{2150E333-8FDC-42A3-9474-1A3956D46DE8}") = "Common", "Common", "{68589BEE-1DFD-4F5A-889D-AE199CFD91AE}"
EndProject
Project("{FAE04EC0-301F-11D3-BF4B-00C04F79EFBC}") = "Spreadbot.Core.Configuration", "projects\Spreadbot.Core.Configuration\Spreadbot.Core.Configuration.csproj", "{BC745F18-F75D-49B8-8C3A-012A262EC939}"
EndProject
Project("{FAE04EC0-301F-11D3-BF4B-00C04F79EFBC}") = "Spreadbot.Core.Tests", "projects\Spreadbot.Core.Tests\Spreadbot.Core.Tests.csproj", "{9F9E37D0-9359-4CCB-B585-319F369D3BDA}"
EndProject
Project("{FAE04EC0-301F-11D3-BF4B-00C04F79EFBC}") = "Spreadbot.App.Web", "projects\Spreadbot.App.Web\Spreadbot.App.Web.csproj", "{FA55CC33-16A1-4AF9-B818-27BDAFA35489}"
EndProject
Project("{FAE04EC0-301F-11D3-BF4B-00C04F79EFBC}") = "Spreadbot.Core.Common", "Projects\Spreadbot.Core.Common\Spreadbot.Core.Common.csproj", "{5599EFE5-4D66-464D-91EE-3F76153BF8FF}"
EndProject
Project("{FAE04EC0-301F-11D3-BF4B-00C04F79EFBC}") = "Spreadbot.Common", "projects\Spreadbot.Common\Spreadbot.Common.csproj", "{D32AB08E-2141-4CD2-9CD3-6D98FBC00FB5}"
EndProject
Global
	GlobalSection(SolutionConfigurationPlatforms) = preSolution
		Debug|Any CPU = Debug|Any CPU
		Release|Any CPU = Release|Any CPU
	EndGlobalSection
	GlobalSection(ProjectConfigurationPlatforms) = postSolution
		{B2E6C77D-B62E-47A2-B79A-BC4CA5635A36}.Debug|Any CPU.ActiveCfg = Debug|Any CPU
		{B2E6C77D-B62E-47A2-B79A-BC4CA5635A36}.Debug|Any CPU.Build.0 = Debug|Any CPU
		{B2E6C77D-B62E-47A2-B79A-BC4CA5635A36}.Release|Any CPU.ActiveCfg = Release|Any CPU
		{B2E6C77D-B62E-47A2-B79A-BC4CA5635A36}.Release|Any CPU.Build.0 = Release|Any CPU
		{BC745F18-F75D-49B8-8C3A-012A262EC939}.Debug|Any CPU.ActiveCfg = Debug|Any CPU
		{BC745F18-F75D-49B8-8C3A-012A262EC939}.Debug|Any CPU.Build.0 = Debug|Any CPU
		{BC745F18-F75D-49B8-8C3A-012A262EC939}.Release|Any CPU.ActiveCfg = Release|Any CPU
		{BC745F18-F75D-49B8-8C3A-012A262EC939}.Release|Any CPU.Build.0 = Release|Any CPU
		{9F9E37D0-9359-4CCB-B585-319F369D3BDA}.Debug|Any CPU.ActiveCfg = Debug|Any CPU
		{9F9E37D0-9359-4CCB-B585-319F369D3BDA}.Debug|Any CPU.Build.0 = Debug|Any CPU
		{9F9E37D0-9359-4CCB-B585-319F369D3BDA}.Release|Any CPU.ActiveCfg = Release|Any CPU
		{9F9E37D0-9359-4CCB-B585-319F369D3BDA}.Release|Any CPU.Build.0 = Release|Any CPU
		{FA55CC33-16A1-4AF9-B818-27BDAFA35489}.Debug|Any CPU.ActiveCfg = Debug|Any CPU
		{FA55CC33-16A1-4AF9-B818-27BDAFA35489}.Debug|Any CPU.Build.0 = Debug|Any CPU
		{FA55CC33-16A1-4AF9-B818-27BDAFA35489}.Release|Any CPU.ActiveCfg = Release|Any CPU
		{FA55CC33-16A1-4AF9-B818-27BDAFA35489}.Release|Any CPU.Build.0 = Release|Any CPU
		{5599EFE5-4D66-464D-91EE-3F76153BF8FF}.Debug|Any CPU.ActiveCfg = Debug|Any CPU
		{5599EFE5-4D66-464D-91EE-3F76153BF8FF}.Debug|Any CPU.Build.0 = Debug|Any CPU
		{5599EFE5-4D66-464D-91EE-3F76153BF8FF}.Release|Any CPU.ActiveCfg = Release|Any CPU
		{5599EFE5-4D66-464D-91EE-3F76153BF8FF}.Release|Any CPU.Build.0 = Release|Any CPU
		{D32AB08E-2141-4CD2-9CD3-6D98FBC00FB5}.Debug|Any CPU.ActiveCfg = Debug|Any CPU
		{D32AB08E-2141-4CD2-9CD3-6D98FBC00FB5}.Debug|Any CPU.Build.0 = Debug|Any CPU
		{D32AB08E-2141-4CD2-9CD3-6D98FBC00FB5}.Release|Any CPU.ActiveCfg = Release|Any CPU
		{D32AB08E-2141-4CD2-9CD3-6D98FBC00FB5}.Release|Any CPU.Build.0 = Release|Any CPU
	EndGlobalSection
	GlobalSection(SolutionProperties) = preSolution
		HideSolutionNode = FALSE
	EndGlobalSection
	GlobalSection(NestedProjects) = preSolution
		{B2E6C77D-B62E-47A2-B79A-BC4CA5635A36} = {A37183A3-DF5D-4EE7-8CCB-24D3A619A969}
		{BC745F18-F75D-49B8-8C3A-012A262EC939} = {A37183A3-DF5D-4EE7-8CCB-24D3A619A969}
		{9F9E37D0-9359-4CCB-B585-319F369D3BDA} = {EF6CE066-22CC-44BB-8768-FF001637E704}
		{FA55CC33-16A1-4AF9-B818-27BDAFA35489} = {1C1D29A3-85F4-4207-BD2C-3943DC1D9568}
		{5599EFE5-4D66-464D-91EE-3F76153BF8FF} = {A37183A3-DF5D-4EE7-8CCB-24D3A619A969}
		{D32AB08E-2141-4CD2-9CD3-6D98FBC00FB5} = {68589BEE-1DFD-4F5A-889D-AE199CFD91AE}
	EndGlobalSection
EndGlobal
